{
  "name": "dsh-action-parity",
  "version": "0.2.0",
  "lockfileVersion": 3,
  "requires": true,
  "packages": {
    "": {
      "name": "dsh-action-parity",
      "version": "0.2.0",
      "license": "MIT",
      "bin": {
        "dsh-action-parity": "bin/dsh-action-parity.mjs"
      },
      "engines": {
        "node": ">=22"
      }
    }
  }
}
